
Microsoft Visual Studio Solution File, Format Version 12.00
# Visual Studio Version 16
VisualStudioVersion = 16.0.31729.503
MinimumVisualStudioVersion = 10.0.40219.1
Project("{FAE04EC0-301F-11D3-BF4B-00C04F79EFBC}") = "задание 6.2", "задание 6.2.csproj", "{90D75F6F-B864-4266-8ADD-2802DBCB33D7}"
EndProject
Global
	GlobalSection(SolutionConfigurationPlatforms) = preSolution
		Debug|Any CPU = Debug|Any CPU
		Release|Any CPU = Release|Any CPU
	EndGlobalSection
	GlobalSection(ProjectConfigurationPlatforms) = postSolution
		{90D75F6F-B864-4266-8ADD-2802DBCB33D7}.Debug|Any CPU.ActiveCfg = Debug|Any CPU
		{90D75F6F-B864-4266-8ADD-2802DBCB33D7}.Debug|Any CPU.Build.0 = Debug|Any CPU
		{90D75F6F-B864-4266-8ADD-2802DBCB33D7}.Release|Any CPU.ActiveCfg = Release|Any CPU
		{90D75F6F-B864-4266-8ADD-2802DBCB33D7}.Release|Any CPU.Build.0 = Release|Any CPU
	EndGlobalSection
	GlobalSection(SolutionProperties) = preSolution
		HideSolutionNode = FALSE
	EndGlobalSection
	GlobalSection(ExtensibilityGlobals) = postSolution
		SolutionGuid = {2488C93C-73A2-4AFB-987F-D52BF287CF99}
	EndGlobalSection
EndGlobal
